// !$*UTF8*$!
{
	archiveVersion = 1;
	classes = {
	};
	objectVersion = 55;
	objects = {

/* Begin PBXBuildFile section */
		4F3037DD28BD0E3F003FCBBF /* NewNoteViewController.swift in Sources */ = {isa = PBXBuildFile; fileRef = 4F3037DC28BD0E3F003FCBBF /* NewNoteViewController.swift */; };
		4F3037E228BD1B09003FCBBF /* NoteObject+CoreDataClass.swift in Sources */ = {isa = PBXBuildFile; fileRef = 4F3037E028BD1B09003FCBBF /* NoteObject+CoreDataClass.swift */; };
		4F3037E328BD1B09003FCBBF /* NoteObject+CoreDataProperties.swift in Sources */ = {isa = PBXBuildFile; fileRef = 4F3037E128BD1B09003FCBBF /* NoteObject+CoreDataProperties.swift */; };
		4F36F52628BFA74F00159162 /* EditNoteViewController.swift in Sources */ = {isa = PBXBuildFile; fileRef = 4F36F52528BFA74F00159162 /* EditNoteViewController.swift */; };
		4FAB9B9828B8113E0017F6A0 /* NoteCollectionViewCell.swift in Sources */ = {isa = PBXBuildFile; fileRef = 4FAB9B9728B8113E0017F6A0 /* NoteCollectionViewCell.swift */; };
		4FB1088428B6B7B7001ABAC2 /* AppDelegate.swift in Sources */ = {isa = PBXBuildFile; fileRef = 4FB1088328B6B7B7001ABAC2 /* AppDelegate.swift */; };
		4FB1088628B6B7B7001ABAC2 /* SceneDelegate.swift in Sources */ = {isa = PBXBuildFile; fileRef = 4FB1088528B6B7B7001ABAC2 /* SceneDelegate.swift */; };
		4FB1088828B6B7B7001ABAC2 /* NotesCollectionViewController.swift in Sources */ = {isa = PBXBuildFile; fileRef = 4FB1088728B6B7B7001ABAC2 /* NotesCollectionViewController.swift */; };
		4FB1088B28B6B7B7001ABAC2 /* Main.storyboard in Resources */ = {isa = PBXBuildFile; fileRef = 4FB1088928B6B7B7001ABAC2 /* Main.storyboard */; };
		4FB1088E28B6B7B7001ABAC2 /* NoteThreads.xcdatamodeld in Sources */ = {isa = PBXBuildFile; fileRef = 4FB1088C28B6B7B7001ABAC2 /* NoteThreads.xcdatamodeld */; };
		4FB1089028B6B7BB001ABAC2 /* Assets.xcassets in Resources */ = {isa = PBXBuildFile; fileRef = 4FB1088F28B6B7BB001ABAC2 /* Assets.xcassets */; };
		4FB1089328B6B7BB001ABAC2 /* LaunchScreen.storyboard in Resources */ = {isa = PBXBuildFile; fileRef = 4FB1089128B6B7BB001ABAC2 /* LaunchScreen.storyboard */; };
		4FB1089E28B6B7BB001ABAC2 /* NoteThreadsTests.swift in Sources */ = {isa = PBXBuildFile; fileRef = 4FB1089D28B6B7BB001ABAC2 /* NoteThreadsTests.swift */; };
		4FB108A828B6B7BC001ABAC2 /* NoteThreadsUITests.swift in Sources */ = {isa = PBXBuildFile; fileRef = 4FB108A728B6B7BC001ABAC2 /* NoteThreadsUITests.swift */; };
		4FB108AA28B6B7BC001ABAC2 /* NoteThreadsUITestsLaunchTests.swift in Sources */ = {isa = PBXBuildFile; fileRef = 4FB108A928B6B7BC001ABAC2 /* NoteThreadsUITestsLaunchTests.swift */; };
/* End PBXBuildFile section */

/* Begin PBXContainerItemProxy section */
		4FB1089A28B6B7BB001ABAC2 /* PBXContainerItemProxy */ = {
			isa = PBXContainerItemProxy;
			containerPortal = 4FB1087828B6B7B7001ABAC2 /* Project object */;
			proxyType = 1;
			remoteGlobalIDString = 4FB1087F28B6B7B7001ABAC2;
			remoteInfo = NoteThreads;
		};
		4FB108A428B6B7BC001ABAC2 /* PBXContainerItemProxy */ = {
			isa = PBXContainerItemProxy;
			containerPortal = 4FB1087828B6B7B7001ABAC2 /* Project object */;
			proxyType = 1;
			remoteGlobalIDString = 4FB1087F28B6B7B7001ABAC2;
			remoteInfo = NoteThreads;
		};
/* End PBXContainerItemProxy section */

/* Begin PBXFileReference section */
		4F3037DC28BD0E3F003FCBBF /* NewNoteViewController.swift */ = {isa = PBXFileReference; lastKnownFileType = sourcecode.swift; path = NewNoteViewController.swift; sourceTree = "<group>"; };
		4F3037E028BD1B09003FCBBF /* NoteObject+CoreDataClass.swift */ = {isa = PBXFileReference; lastKnownFileType = sourcecode.swift; path = "NoteObject+CoreDataClass.swift"; sourceTree = "<group>"; };
		4F3037E128BD1B09003FCBBF /* NoteObject+CoreDataProperties.swift */ = {isa = PBXFileReference; lastKnownFileType = sourcecode.swift; path = "NoteObject+CoreDataProperties.swift"; sourceTree = "<group>"; };
		4F36F52528BFA74F00159162 /* EditNoteViewController.swift */ = {isa = PBXFileReference; lastKnownFileType = sourcecode.swift; path = EditNoteViewController.swift; sourceTree = "<group>"; };
		4FAB9B9728B8113E0017F6A0 /* NoteCollectionViewCell.swift */ = {isa = PBXFileReference; lastKnownFileType = sourcecode.swift; path = NoteCollectionViewCell.swift; sourceTree = "<group>"; };
		4FB1088028B6B7B7001ABAC2 /* NoteThreads.app */ = {isa = PBXFileReference; explicitFileType = wrapper.application; includeInIndex = 0; path = NoteThreads.app; sourceTree = BUILT_PRODUCTS_DIR; };
		4FB1088328B6B7B7001ABAC2 /* AppDelegate.swift */ = {isa = PBXFileReference; lastKnownFileType = sourcecode.swift; path = AppDelegate.swift; sourceTree = "<group>"; };
		4FB1088528B6B7B7001ABAC2 /* SceneDelegate.swift */ = {isa = PBXFileReference; lastKnownFileType = sourcecode.swift; path = SceneDelegate.swift; sourceTree = "<group>"; };
		4FB1088728B6B7B7001ABAC2 /* NotesCollectionViewController.swift */ = {isa = PBXFileReference; lastKnownFileType = sourcecode.swift; path = NotesCollectionViewController.swift; sourceTree = "<group>"; };
		4FB1088A28B6B7B7001ABAC2 /* Base */ = {isa = PBXFileReference; lastKnownFileType = file.storyboard; name = Base; path = Base.lproj/Main.storyboard; sourceTree = "<group>"; };
		4FB1088D28B6B7B7001ABAC2 /* NoteThreads.xcdatamodel */ = {isa = PBXFileReference; lastKnownFileType = wrapper.xcdatamodel; path = NoteThreads.xcdatamodel; sourceTree = "<group>"; };
		4FB1088F28B6B7BB001ABAC2 /* Assets.xcassets */ = {isa = PBXFileReference; lastKnownFileType = folder.assetcatalog; path = Assets.xcassets; sourceTree = "<group>"; };
		4FB1089228B6B7BB001ABAC2 /* Base */ = {isa = PBXFileReference; lastKnownFileType = file.storyboard; name = Base; path = Base.lproj/LaunchScreen.storyboard; sourceTree = "<group>"; };
		4FB1089428B6B7BB001ABAC2 /* Info.plist */ = {isa = PBXFileReference; lastKnownFileType = text.plist.xml; path = Info.plist; sourceTree = "<group>"; };
		4FB1089928B6B7BB001ABAC2 /* NoteThreadsTests.xctest */ = {isa = PBXFileReference; explicitFileType = wrapper.cfbundle; includeInIndex = 0; path = NoteThreadsTests.xctest; sourceTree = BUILT_PRODUCTS_DIR; };
		4FB1089D28B6B7BB001ABAC2 /* NoteThreadsTests.swift */ = {isa = PBXFileReference; lastKnownFileType = sourcecode.swift; path = NoteThreadsTests.swift; sourceTree = "<group>"; };
		4FB108A328B6B7BC001ABAC2 /* NoteThreadsUITests.xctest */ = {isa = PBXFileReference; explicitFileType = wrapper.cfbundle; includeInIndex = 0; path = NoteThreadsUITests.xctest; sourceTree = BUILT_PRODUCTS_DIR; };
		4FB108A728B6B7BC001ABAC2 /* NoteThreadsUITests.swift */ = {isa = PBXFileReference; lastKnownFileType = sourcecode.swift; path = NoteThreadsUITests.swift; sourceTree = "<group>"; };
		4FB108A928B6B7BC001ABAC2 /* NoteThreadsUITestsLaunchTests.swift */ = {isa = PBXFileReference; lastKnownFileType = sourcecode.swift; path = NoteThreadsUITestsLaunchTests.swift; sourceTree = "<group>"; };
/* End PBXFileReference section */

/* Begin PBXFrameworksBuildPhase section */
		4FB1087D28B6B7B7001ABAC2 /* Frameworks */ = {
			isa = PBXFrameworksBuildPhase;
			buildActionMask = 2147483647;
			files = (
			);
			runOnlyForDeploymentPostprocessing = 0;
		};
		4FB1089628B6B7BB001ABAC2 /* Frameworks */ = {
			isa = PBXFrameworksBuildPhase;
			buildActionMask = 2147483647;
			files = (
			);
			runOnlyForDeploymentPostprocessing = 0;
		};
		4FB108A028B6B7BC001ABAC2 /* Frameworks */ = {
			isa = PBXFrameworksBuildPhase;
			buildActionMask = 2147483647;
			files = (
			);
			runOnlyForDeploymentPostprocessing = 0;
		};
/* End PBXFrameworksBuildPhase section */

/* Begin PBXGroup section */
		4FAB9B9428B811120017F6A0 /* Controllers */ = {
			isa = PBXGroup;
			children = (
				4FB1088728B6B7B7001ABAC2 /* NotesCollectionViewController.swift */,
				4F3037DC28BD0E3F003FCBBF /* NewNoteViewController.swift */,
				4F36F52528BFA74F00159162 /* EditNoteViewController.swift */,
			);
			path = Controllers;
			sourceTree = "<group>";
		};
		4FAB9B9528B8111C0017F6A0 /* Views */ = {
			isa = PBXGroup;
			children = (
				4FB1088928B6B7B7001ABAC2 /* Main.storyboard */,
				4FAB9B9728B8113E0017F6A0 /* NoteCollectionViewCell.swift */,
			);
			path = Views;
			sourceTree = "<group>";
		};
		4FAB9B9628B811210017F6A0 /* Models */ = {
			isa = PBXGroup;
			children = (
				4F3037E028BD1B09003FCBBF /* NoteObject+CoreDataClass.swift */,
				4F3037E128BD1B09003FCBBF /* NoteObject+CoreDataProperties.swift */,
			);
			path = Models;
			sourceTree = "<group>";
		};
		4FB1087728B6B7B7001ABAC2 = {
			isa = PBXGroup;
			children = (
				4FB1088228B6B7B7001ABAC2 /* NoteThreads */,
				4FB1089C28B6B7BB001ABAC2 /* NoteThreadsTests */,
				4FB108A628B6B7BC001ABAC2 /* NoteThreadsUITests */,
				4FB1088128B6B7B7001ABAC2 /* Products */,
			);
			sourceTree = "<group>";
		};
		4FB1088128B6B7B7001ABAC2 /* Products */ = {
			isa = PBXGroup;
			children = (
				4FB1088028B6B7B7001ABAC2 /* NoteThreads.app */,
				4FB1089928B6B7BB001ABAC2 /* NoteThreadsTests.xctest */,
				4FB108A328B6B7BC001ABAC2 /* NoteThreadsUITests.xctest */,
			);
			name = Products;
			sourceTree = "<group>";
		};
		4FB1088228B6B7B7001ABAC2 /* NoteThreads */ = {
			isa = PBXGroup;
			children = (
				4FAB9B9628B811210017F6A0 /* Models */,
				4FB1088328B6B7B7001ABAC2 /* AppDelegate.swift */,
				4FB1088528B6B7B7001ABAC2 /* SceneDelegate.swift */,
				4FAB9B9428B811120017F6A0 /* Controllers */,
				4FAB9B9528B8111C0017F6A0 /* Views */,
				4FB1088F28B6B7BB001ABAC2 /* Assets.xcassets */,
				4FB1089128B6B7BB001ABAC2 /* LaunchScreen.storyboard */,
				4FB1089428B6B7BB001ABAC2 /* Info.plist */,
				4FB1088C28B6B7B7001ABAC2 /* NoteThreads.xcdatamodeld */,
			);
			path = NoteThreads;
			sourceTree = "<group>";
		};
		4FB1089C28B6B7BB001ABAC2 /* NoteThreadsTests */ = {
			isa = PBXGroup;
			children = (
				4FB1089D28B6B7BB001ABAC2 /* NoteThreadsTests.swift */,
			);
			path = NoteThreadsTests;
			sourceTree = "<group>";
		};
		4FB108A628B6B7BC001ABAC2 /* NoteThreadsUITests */ = {
			isa = PBXGroup;
			children = (
				4FB108A728B6B7BC001ABAC2 /* NoteThreadsUITests.swift */,
				4FB108A928B6B7BC001ABAC2 /* NoteThreadsUITestsLaunchTests.swift */,
			);
			path = NoteThreadsUITests;
			sourceTree = "<group>";
		};
/* End PBXGroup section */

/* Begin PBXNativeTarget section */
		4FB1087F28B6B7B7001ABAC2 /* NoteThreads */ = {
			isa = PBXNativeTarget;
			buildConfigurationList = 4FB108AD28B6B7BC001ABAC2 /* Build configuration list for PBXNativeTarget "NoteThreads" */;
			buildPhases = (
				4FB1087C28B6B7B7001ABAC2 /* Sources */,
				4FB1087D28B6B7B7001ABAC2 /* Frameworks */,
				4FB1087E28B6B7B7001ABAC2 /* Resources */,
			);
			buildRules = (
			);
			dependencies = (
			);
			name = NoteThreads;
			productName = NoteThreads;
			productReference = 4FB1088028B6B7B7001ABAC2 /* NoteThreads.app */;
			productType = "com.apple.product-type.application";
		};
		4FB1089828B6B7BB001ABAC2 /* NoteThreadsTests */ = {
			isa = PBXNativeTarget;
			buildConfigurationList = 4FB108B028B6B7BC001ABAC2 /* Build configuration list for PBXNativeTarget "NoteThreadsTests" */;
			buildPhases = (
				4FB1089528B6B7BB001ABAC2 /* Sources */,
				4FB1089628B6B7BB001ABAC2 /* Frameworks */,
				4FB1089728B6B7BB001ABAC2 /* Resources */,
			);
			buildRules = (
			);
			dependencies = (
				4FB1089B28B6B7BB001ABAC2 /* PBXTargetDependency */,
			);
			name = NoteThreadsTests;
			productName = NoteThreadsTests;
			productReference = 4FB1089928B6B7BB001ABAC2 /* NoteThreadsTests.xctest */;
			productType = "com.apple.product-type.bundle.unit-test";
		};
		4FB108A228B6B7BC001ABAC2 /* NoteThreadsUITests */ = {
			isa = PBXNativeTarget;
			buildConfigurationList = 4FB108B328B6B7BC001ABAC2 /* Build configuration list for PBXNativeTarget "NoteThreadsUITests" */;
			buildPhases = (
				4FB1089F28B6B7BC001ABAC2 /* Sources */,
				4FB108A028B6B7BC001ABAC2 /* Frameworks */,
				4FB108A128B6B7BC001ABAC2 /* Resources */,
			);
			buildRules = (
			);
			dependencies = (
				4FB108A528B6B7BC001ABAC2 /* PBXTargetDependency */,
			);
			name = NoteThreadsUITests;
			productName = NoteThreadsUITests;
			productReference = 4FB108A328B6B7BC001ABAC2 /* NoteThreadsUITests.xctest */;
			productType = "com.apple.product-type.bundle.ui-testing";
		};
/* End PBXNativeTarget section */

/* Begin PBXProject section */
		4FB1087828B6B7B7001ABAC2 /* Project object */ = {
			isa = PBXProject;
			attributes = {
				BuildIndependentTargetsInParallel = 1;
				LastSwiftUpdateCheck = 1340;
				LastUpgradeCheck = 1340;
				TargetAttributes = {
					4FB1087F28B6B7B7001ABAC2 = {
						CreatedOnToolsVersion = 13.4.1;
					};
					4FB1089828B6B7BB001ABAC2 = {
						CreatedOnToolsVersion = 13.4.1;
						TestTargetID = 4FB1087F28B6B7B7001ABAC2;
					};
					4FB108A228B6B7BC001ABAC2 = {
						CreatedOnToolsVersion = 13.4.1;
						TestTargetID = 4FB1087F28B6B7B7001ABAC2;
					};
				};
			};
			buildConfigurationList = 4FB1087B28B6B7B7001ABAC2 /* Build configuration list for PBXProject "NoteThreads" */;
			compatibilityVersion = "Xcode 13.0";
			developmentRegion = en;
			hasScannedForEncodings = 0;
			knownRegions = (
				en,
				Base,
			);
			mainGroup = 4FB1087728B6B7B7001ABAC2;
			productRefGroup = 4FB1088128B6B7B7001ABAC2 /* Products */;
			projectDirPath = "";
			projectRoot = "";
			targets = (
				4FB1087F28B6B7B7001ABAC2 /* NoteThreads */,
				4FB1089828B6B7BB001ABAC2 /* NoteThreadsTests */,
				4FB108A228B6B7BC001ABAC2 /* NoteThreadsUITests */,
			);
		};
/* End PBXProject section */

/* Begin PBXResourcesBuildPhase section */
		4FB1087E28B6B7B7001ABAC2 /* Resources */ = {
			isa = PBXResourcesBuildPhase;
			buildActionMask = 2147483647;
			files = (
				4FB1089328B6B7BB001ABAC2 /* LaunchScreen.storyboard in Resources */,
				4FB1089028B6B7BB001ABAC2 /* Assets.xcassets in Resources */,
				4FB1088B28B6B7B7001ABAC2 /* Main.storyboard in Resources */,
			);
			runOnlyForDeploymentPostprocessing = 0;
		};
		4FB1089728B6B7BB001ABAC2 /* Resources */ = {
			isa = PBXResourcesBuildPhase;
			buildActionMask = 2147483647;
			files = (
			);
			runOnlyForDeploymentPostprocessing = 0;
		};
		4FB108A128B6B7BC001ABAC2 /* Resources */ = {
			isa = PBXResourcesBuildPhase;
			buildActionMask = 2147483647;
			files = (
			);
			runOnlyForDeploymentPostprocessing = 0;
		};
/* End PBXResourcesBuildPhase section */

/* Begin PBXSourcesBuildPhase section */
		4FB1087C28B6B7B7001ABAC2 /* Sources */ = {
			isa = PBXSourcesBuildPhase;
			buildActionMask = 2147483647;
			files = (
				4FB1088828B6B7B7001ABAC2 /* NotesCollectionViewController.swift in Sources */,
				4F3037E328BD1B09003FCBBF /* NoteObject+CoreDataProperties.swift in Sources */,
				4F3037DD28BD0E3F003FCBBF /* NewNoteViewController.swift in Sources */,
				4F3037E228BD1B09003FCBBF /* NoteObject+CoreDataClass.swift in Sources */,
				4F36F52628BFA74F00159162 /* EditNoteViewController.swift in Sources */,
				4FB1088E28B6B7B7001ABAC2 /* NoteThreads.xcdatamodeld in Sources */,
				4FAB9B9828B8113E0017F6A0 /* NoteCollectionViewCell.swift in Sources */,
				4FB1088428B6B7B7001ABAC2 /* AppDelegate.swift in Sources */,
				4FB1088628B6B7B7001ABAC2 /* SceneDelegate.swift in Sources */,
			);
			runOnlyForDeploymentPostprocessing = 0;
		};
		4FB1089528B6B7BB001ABAC2 /* Sources */ = {
			isa = PBXSourcesBuildPhase;
			buildActionMask = 2147483647;
			files = (
				4FB1089E28B6B7BB001ABAC2 /* NoteThreadsTests.swift in Sources */,
			);
			runOnlyForDeploymentPostprocessing = 0;
		};
		4FB1089F28B6B7BC001ABAC2 /* Sources */ = {
			isa = PBXSourcesBuildPhase;
			buildActionMask = 2147483647;
			files = (
				4FB108AA28B6B7BC001ABAC2 /* NoteThreadsUITestsLaunchTests.swift in Sources */,
				4FB108A828B6B7BC001ABAC2 /* NoteThreadsUITests.swift in Sources */,
			);
			runOnlyForDeploymentPostprocessing = 0;
		};
/* End PBXSourcesBuildPhase section */

/* Begin PBXTargetDependency section */
		4FB1089B28B6B7BB001ABAC2 /* PBXTargetDependency */ = {
			isa = PBXTargetDependency;
			target = 4FB1087F28B6B7B7001ABAC2 /* NoteThreads */;
			targetProxy = 4FB1089A28B6B7BB001ABAC2 /* PBXContainerItemProxy */;
		};
		4FB108A528B6B7BC001ABAC2 /* PBXTargetDependency */ = {
			isa = PBXTargetDependency;
			target = 4FB1087F28B6B7B7001ABAC2 /* NoteThreads */;
			targetProxy = 4FB108A428B6B7BC001ABAC2 /* PBXContainerItemProxy */;
		};
/* End PBXTargetDependency section */

/* Begin PBXVariantGroup section */
		4FB1088928B6B7B7001ABAC2 /* Main.storyboard */ = {
			isa = PBXVariantGroup;
			children = (
				4FB1088A28B6B7B7001ABAC2 /* Base */,
			);
			name = Main.storyboard;
			sourceTree = "<group>";
		};
		4FB1089128B6B7BB001ABAC2 /* LaunchScreen.storyboard */ = {
			isa = PBXVariantGroup;
			children = (
				4FB1089228B6B7BB001ABAC2 /* Base */,
			);
			name = LaunchScreen.storyboard;
			sourceTree = "<group>";
		};
/* End PBXVariantGroup section */

/* Begin XCBuildConfiguration section */
		4FB108AB28B6B7BC001ABAC2 /* Debug */ = {
			isa = XCBuildConfiguration;
			buildSettings = {
				ALWAYS_SEARCH_USER_PATHS = NO;
				CLANG_ANALYZER_NONNULL = YES;
				CLANG_ANALYZER_NUMBER_OBJECT_CONVERSION = YES_AGGRESSIVE;
				CLANG_CXX_LANGUAGE_STANDARD = "gnu++17";
				CLANG_ENABLE_MODULES = YES;
				CLANG_ENABLE_OBJC_ARC = YES;
				CLANG_ENABLE_OBJC_WEAK = YES;
				CLANG_WARN_BLOCK_CAPTURE_AUTORELEASING = YES;
				CLANG_WARN_BOOL_CONVERSION = YES;
				CLANG_WARN_COMMA = YES;
				CLANG_WARN_CONSTANT_CONVERSION = YES;
				CLANG_WARN_DEPRECATED_OBJC_IMPLEMENTATIONS = YES;
				CLANG_WARN_DIRECT_OBJC_ISA_USAGE = YES_ERROR;
				CLANG_WARN_DOCUMENTATION_COMMENTS = YES;
				CLANG_WARN_EMPTY_BODY = YES;
				CLANG_WARN_ENUM_CONVERSION = YES;
				CLANG_WARN_INFINITE_RECURSION = YES;
				CLANG_WARN_INT_CONVERSION = YES;
				CLANG_WARN_NON_LITERAL_NULL_CONVERSION = YES;
				CLANG_WARN_OBJC_IMPLICIT_RETAIN_SELF = YES;
				CLANG_WARN_OBJC_LITERAL_CONVERSION = YES;
				CLANG_WARN_OBJC_ROOT_CLASS = YES_ERROR;
				CLANG_WARN_QUOTED_INCLUDE_IN_FRAMEWORK_HEADER = YES;
				CLANG_WARN_RANGE_LOOP_ANALYSIS = YES;
				CLANG_WARN_STRICT_PROTOTYPES = YES;
				CLANG_WARN_SUSPICIOUS_MOVE = YES;
				CLANG_WARN_UNGUARDED_AVAILABILITY = YES_AGGRESSIVE;
				CLANG_WARN_UNREACHABLE_CODE = YES;
				CLANG_WARN__DUPLICATE_METHOD_MATCH = YES;
				COPY_PHASE_STRIP = NO;
				DEBUG_INFORMATION_FORMAT = dwarf;
				ENABLE_STRICT_OBJC_MSGSEND = YES;
				ENABLE_TESTABILITY = YES;
				GCC_C_LANGUAGE_STANDARD = gnu11;
				GCC_DYNAMIC_NO_PIC = NO;
				GCC_NO_COMMON_BLOCKS = YES;
				GCC_OPTIMIZATION_LEVEL = 0;
				GCC_PREPROCESSOR_DEFINITIONS = (
					"DEBUG=1",
					"$(inherited)",
				);
				GCC_WARN_64_TO_32_BIT_CONVERSION = YES;
				GCC_WARN_ABOUT_RETURN_TYPE = YES_ERROR;
				GCC_WARN_UNDECLARED_SELECTOR = YES;
				GCC_WARN_UNINITIALIZED_AUTOS = YES_AGGRESSIVE;
				GCC_WARN_UNUSED_FUNCTION = YES;
				GCC_WARN_UNUSED_VARIABLE = YES;
				IPHONEOS_DEPLOYMENT_TARGET = 15.5;
				MTL_ENABLE_DEBUG_INFO = INCLUDE_SOURCE;
				MTL_FAST_MATH = YES;
				ONLY_ACTIVE_ARCH = YES;
				SDKROOT = iphoneos;
				SWIFT_ACTIVE_COMPILATION_CONDITIONS = DEBUG;
				SWIFT_OPTIMIZATION_LEVEL = "-Onone";
			};
			name = Debug;
		};
		4FB108AC28B6B7BC001ABAC2 /* Release */ = {
			isa = XCBuildConfiguration;
			buildSettings = {
				ALWAYS_SEARCH_USER_PATHS = NO;
				CLANG_ANALYZER_NONNULL = YES;
				CLANG_ANALYZER_NUMBER_OBJECT_CONVERSION = YES_AGGRESSIVE;
				CLANG_CXX_LANGUAGE_STANDARD = "gnu++17";
				CLANG_ENABLE_MODULES = YES;
				CLANG_ENABLE_OBJC_ARC = YES;
				CLANG_ENABLE_OBJC_WEAK = YES;
				CLANG_WARN_BLOCK_CAPTURE_AUTORELEASING = YES;
				CLANG_WARN_BOOL_CONVERSION = YES;
				CLANG_WARN_COMMA = YES;
				CLANG_WARN_CONSTANT_CONVERSION = YES;
				CLANG_WARN_DEPRECATED_OBJC_IMPLEMENTATIONS = YES;
				CLANG_WARN_DIRECT_OBJC_ISA_USAGE = YES_ERROR;
				CLANG_WARN_DOCUMENTATION_COMMENTS = YES;
				CLANG_WARN_EMPTY_BODY = YES;
				CLANG_WARN_ENUM_CONVERSION = YES;
				CLANG_WARN_INFINITE_RECURSION = YES;
				CLANG_WARN_INT_CONVERSION = YES;
				CLANG_WARN_NON_LITERAL_NULL_CONVERSION = YES;
				CLANG_WARN_OBJC_IMPLICIT_RETAIN_SELF = YES;
				CLANG_WARN_OBJC_LITERAL_CONVERSION = YES;
				CLANG_WARN_OBJC_ROOT_CLASS = YES_ERROR;
				CLANG_WARN_QUOTED_INCLUDE_IN_FRAMEWORK_HEADER = YES;
				CLANG_WARN_RANGE_LOOP_ANALYSIS = YES;
				CLANG_WARN_STRICT_PROTOTYPES = YES;
				CLANG_WARN_SUSPICIOUS_MOVE = YES;
				CLANG_WARN_UNGUARDED_AVAILABILITY = YES_AGGRESSIVE;
				CLANG_WARN_UNREACHABLE_CODE = YES;
				CLANG_WARN__DUPLICATE_METHOD_MATCH = YES;
				COPY_PHASE_STRIP = NO;
				DEBUG_INFORMATION_FORMAT = "dwarf-with-dsym";
				ENABLE_NS_ASSERTIONS = NO;
				ENABLE_STRICT_OBJC_MSGSEND = YES;
				GCC_C_LANGUAGE_STANDARD = gnu11;
				GCC_NO_COMMON_BLOCKS = YES;
				GCC_WARN_64_TO_32_BIT_CONVERSION = YES;
				GCC_WARN_ABOUT_RETURN_TYPE = YES_ERROR;
				GCC_WARN_UNDECLARED_SELECTOR = YES;
				GCC_WARN_UNINITIALIZED_AUTOS = YES_AGGRESSIVE;
				GCC_WARN_UNUSED_FUNCTION = YES;
				GCC_WARN_UNUSED_VARIABLE = YES;
				IPHONEOS_DEPLOYMENT_TARGET = 15.5;
				MTL_ENABLE_DEBUG_INFO = NO;
				MTL_FAST_MATH = YES;
				SDKROOT = iphoneos;
				SWIFT_COMPILATION_MODE = wholemodule;
				SWIFT_OPTIMIZATION_LEVEL = "-O";
				VALIDATE_PRODUCT = YES;
			};
			name = Release;
		};
		4FB108AE28B6B7BC001ABAC2 /* Debug */ = {
			isa = XCBuildConfiguration;
			buildSettings = {
				ASSETCATALOG_COMPILER_APPICON_NAME = AppIcon;
				ASSETCATALOG_COMPILER_GLOBAL_ACCENT_COLOR_NAME = AccentColor;
				CODE_SIGN_STYLE = Automatic;
				CURRENT_PROJECT_VERSION = 1;
				DEVELOPMENT_TEAM = MR77GZV3WJ;
				GENERATE_INFOPLIST_FILE = YES;
				INFOPLIST_FILE = NoteThreads/Info.plist;
				INFOPLIST_KEY_UIApplicationSupportsIndirectInputEvents = YES;
				INFOPLIST_KEY_UILaunchStoryboardName = LaunchScreen;
				INFOPLIST_KEY_UIMainStoryboardFile = Main;
				INFOPLIST_KEY_UISupportedInterfaceOrientations_iPad = "UIInterfaceOrientationPortrait UIInterfaceOrientationPortraitUpsideDown UIInterfaceOrientationLandscapeLeft UIInterfaceOrientationLandscapeRight";
				INFOPLIST_KEY_UISupportedInterfaceOrientations_iPhone = "UIInterfaceOrientationPortrait UIInterfaceOrientationLandscapeLeft UIInterfaceOrientationLandscapeRight";
				LD_RUNPATH_SEARCH_PATHS = (
					"$(inherited)",
					"@executable_path/Frameworks",
				);
				MARKETING_VERSION = 1.0;
				PRODUCT_BUNDLE_IDENTIFIER = com.ecgriffin.NoteThreads;
				PRODUCT_NAME = "$(TARGET_NAME)";
				SWIFT_EMIT_LOC_STRINGS = YES;
				SWIFT_VERSION = 5.0;
				TARGETED_DEVICE_FAMILY = "1,2";
			};
			name = Debug;
		};
		4FB108AF28B6B7BC001ABAC2 /* Release */ = {
			isa = XCBuildConfiguration;
			buildSettings = {
				ASSETCATALOG_COMPILER_APPICON_NAME = AppIcon;
				ASSETCATALOG_COMPILER_GLOBAL_ACCENT_COLOR_NAME = AccentColor;
				CODE_SIGN_STYLE = Automatic;
				CURRENT_PROJECT_VERSION = 1;
				DEVELOPMENT_TEAM = MR77GZV3WJ;
				GENERATE_INFOPLIST_FILE = YES;
				INFOPLIST_FILE = NoteThreads/Info.plist;
				INFOPLIST_KEY_UIApplicationSupportsIndirectInputEvents = YES;
				INFOPLIST_KEY_UILaunchStoryboardName = LaunchScreen;
				INFOPLIST_KEY_UIMainStoryboardFile = Main;
				INFOPLIST_KEY_UISupportedInterfaceOrientations_iPad = "UIInterfaceOrientationPortrait UIInterfaceOrientationPortraitUpsideDown UIInterfaceOrientationLandscapeLeft UIInterfaceOrientationLandscapeRight";
				INFOPLIST_KEY_UISupportedInterfaceOrientations_iPhone = "UIInterfaceOrientationPortrait UIInterfaceOrientationLandscapeLeft UIInterfaceOrientationLandscapeRight";
				LD_RUNPATH_SEARCH_PATHS = (
					"$(inherited)",
					"@executable_path/Frameworks",
				);
				MARKETING_VERSION = 1.0;
				PRODUCT_BUNDLE_IDENTIFIER = com.ecgriffin.NoteThreads;
				PRODUCT_NAME = "$(TARGET_NAME)";
				SWIFT_EMIT_LOC_STRINGS = YES;
				SWIFT_VERSION = 5.0;
				TARGETED_DEVICE_FAMILY = "1,2";
			};
			name = Release;
		};
		4FB108B128B6B7BC001ABAC2 /* Debug */ = {
			isa = XCBuildConfiguration;
			buildSettings = {
				ALWAYS_EMBED_SWIFT_STANDARD_LIBRARIES = YES;
				BUNDLE_LOADER = "$(TEST_HOST)";
				CODE_SIGN_STYLE = Automatic;
				CURRENT_PROJECT_VERSION = 1;
				DEVELOPMENT_TEAM = MR77GZV3WJ;
				GENERATE_INFOPLIST_FILE = YES;
				IPHONEOS_DEPLOYMENT_TARGET = 15.5;
				MARKETING_VERSION = 1.0;
				PRODUCT_BUNDLE_IDENTIFIER = com.ecgriffin.NoteThreadsTests;
				PRODUCT_NAME = "$(TARGET_NAME)";
				SWIFT_EMIT_LOC_STRINGS = NO;
				SWIFT_VERSION = 5.0;
				TARGETED_DEVICE_FAMILY = "1,2";
				TEST_HOST = "$(BUILT_PRODUCTS_DIR)/NoteThreads.app/NoteThreads";
			};
			name = Debug;
		};
		4FB108B228B6B7BC001ABAC2 /* Release */ = {
			isa = XCBuildConfiguration;
			buildSettings = {
				ALWAYS_EMBED_SWIFT_STANDARD_LIBRARIES = YES;
				BUNDLE_LOADER = "$(TEST_HOST)";
				CODE_SIGN_STYLE = Automatic;
				CURRENT_PROJECT_VERSION = 1;
				DEVELOPMENT_TEAM = MR77GZV3WJ;
				GENERATE_INFOPLIST_FILE = YES;
				IPHONEOS_DEPLOYMENT_TARGET = 15.5;
				MARKETING_VERSION = 1.0;
				PRODUCT_BUNDLE_IDENTIFIER = com.ecgriffin.NoteThreadsTests;
				PRODUCT_NAME = "$(TARGET_NAME)";
				SWIFT_EMIT_LOC_STRINGS = NO;
				SWIFT_VERSION = 5.0;
				TARGETED_DEVICE_FAMILY = "1,2";
				TEST_HOST = "$(BUILT_PRODUCTS_DIR)/NoteThreads.app/NoteThreads";
			};
			name = Release;
		};
		4FB108B428B6B7BC001ABAC2 /* Debug */ = {
			isa = XCBuildConfiguration;
			buildSettings = {
				ALWAYS_EMBED_SWIFT_STANDARD_LIBRARIES = YES;
				CODE_SIGN_STYLE = Automatic;
				CURRENT_PROJECT_VERSION = 1;
				DEVELOPMENT_TEAM = MR77GZV3WJ;
				GENERATE_INFOPLIST_FILE = YES;
				MARKETING_VERSION = 1.0;
				PRODUCT_BUNDLE_IDENTIFIER = com.ecgriffin.NoteThreadsUITests;
				PRODUCT_NAME = "$(TARGET_NAME)";
				SWIFT_EMIT_LOC_STRINGS = NO;
				SWIFT_VERSION = 5.0;
				TARGETED_DEVICE_FAMILY = "1,2";
				TEST_TARGET_NAME = NoteThreads;
			};
			name = Debug;
		};
		4FB108B528B6B7BC001ABAC2 /* Release */ = {
			isa = XCBuildConfiguration;
			buildSettings = {
				ALWAYS_EMBED_SWIFT_STANDARD_LIBRARIES = YES;
				CODE_SIGN_STYLE = Automatic;
				CURRENT_PROJECT_VERSION = 1;
				DEVELOPMENT_TEAM = MR77GZV3WJ;
				GENERATE_INFOPLIST_FILE = YES;
				MARKETING_VERSION = 1.0;
				PRODUCT_BUNDLE_IDENTIFIER = com.ecgriffin.NoteThreadsUITests;
				PRODUCT_NAME = "$(TARGET_NAME)";
				SWIFT_EMIT_LOC_STRINGS = NO;
				SWIFT_VERSION = 5.0;
				TARGETED_DEVICE_FAMILY = "1,2";
				TEST_TARGET_NAME = NoteThreads;
			};
			name = Release;
		};
/* End XCBuildConfiguration section */

/* Begin XCConfigurationList section */
		4FB1087B28B6B7B7001ABAC2 /* Build configuration list for PBXProject "NoteThreads" */ = {
			isa = XCConfigurationList;
			buildConfigurations = (
				4FB108AB28B6B7BC001ABAC2 /* Debug */,
				4FB108AC28B6B7BC001ABAC2 /* Release */,
			);
			defaultConfigurationIsVisible = 0;
			defaultConfigurationName = Release;
		};
		4FB108AD28B6B7BC001ABAC2 /* Build configuration list for PBXNativeTarget "NoteThreads" */ = {
			isa = XCConfigurationList;
			buildConfigurations = (
				4FB108AE28B6B7BC001ABAC2 /* Debug */,
				4FB108AF28B6B7BC001ABAC2 /* Release */,
			);
			defaultConfigurationIsVisible = 0;
			defaultConfigurationName = Release;
		};
		4FB108B028B6B7BC001ABAC2 /* Build configuration list for PBXNativeTarget "NoteThreadsTests" */ = {
			isa = XCConfigurationList;
			buildConfigurations = (
				4FB108B128B6B7BC001ABAC2 /* Debug */,
				4FB108B228B6B7BC001ABAC2 /* Release */,
			);
			defaultConfigurationIsVisible = 0;
			defaultConfigurationName = Release;
		};
		4FB108B328B6B7BC001ABAC2 /* Build configuration list for PBXNativeTarget "NoteThreadsUITests" */ = {
			isa = XCConfigurationList;
			buildConfigurations = (
				4FB108B428B6B7BC001ABAC2 /* Debug */,
				4FB108B528B6B7BC001ABAC2 /* Release */,
			);
			defaultConfigurationIsVisible = 0;
			defaultConfigurationName = Release;
		};
/* End XCConfigurationList section */

/* Begin XCVersionGroup section */
		4FB1088C28B6B7B7001ABAC2 /* NoteThreads.xcdatamodeld */ = {
			isa = XCVersionGroup;
			children = (
				4FB1088D28B6B7B7001ABAC2 /* NoteThreads.xcdatamodel */,
			);
			currentVersion = 4FB1088D28B6B7B7001ABAC2 /* NoteThreads.xcdatamodel */;
			path = NoteThreads.xcdatamodeld;
			sourceTree = "<group>";
			versionGroupType = wrapper.xcdatamodel;
		};
/* End XCVersionGroup section */
	};
	rootObject = 4FB1087828B6B7B7001ABAC2 /* Project object */;
}
